{
  "name": "serverless-plugin-autoinstaller-example",
  "version": "1.0.0",
  "lockfileVersion": 1,
  "requires": true,
  "dependencies": {
    "serverless-plugin-autoinstaller": {
      "version": "1.0.0",
      "resolved": "https://registry.npmjs.org/serverless-plugin-autoinstaller/-/serverless-plugin-autoinstaller-1.0.0.tgz",
      "integrity": "sha512-JlA6E8lyuLX94pkyHLWjMs7QxfVHSH1rrqGhQzTXu2SdOJ2RvzDKF77w53lvIzjR71CfcDfuz4kfDStko2m4mg=="
    }
  }
}
